
Microsoft Visual Studio Solution File, Format Version 12.00
# Visual Studio 15
VisualStudioVersion = 15.0.27130.2026
MinimumVisualStudioVersion = 10.0.40219.1
Project("{8BC9CEB8-8B4A-11D0-8D11-00A0C91BC942}") = "EjercicioArchivosBinarios", "EjercicioArchivosBinarios\EjercicioArchivosBinarios.vcxproj", "{73051852-00AC-471E-9FCD-5CDBC4B7F2DF}"
EndProject
Global
	GlobalSection(SolutionConfigurationPlatforms) = preSolution
		Debug|x64 = Debug|x64
		Debug|x86 = Debug|x86
		Release|x64 = Release|x64
		Release|x86 = Release|x86
	EndGlobalSection
	GlobalSection(ProjectConfigurationPlatforms) = postSolution
		{73051852-00AC-471E-9FCD-5CDBC4B7F2DF}.Debug|x64.ActiveCfg = Debug|x64
		{73051852-00AC-471E-9FCD-5CDBC4B7F2DF}.Debug|x64.Build.0 = Debug|x64
		{73051852-00AC-471E-9FCD-5CDBC4B7F2DF}.Debug|x86.ActiveCfg = Debug|Win32
		{73051852-00AC-471E-9FCD-5CDBC4B7F2DF}.Debug|x86.Build.0 = Debug|Win32
		{73051852-00AC-471E-9FCD-5CDBC4B7F2DF}.Release|x64.ActiveCfg = Release|x64
		{73051852-00AC-471E-9FCD-5CDBC4B7F2DF}.Release|x64.Build.0 = Release|x64
		{73051852-00AC-471E-9FCD-5CDBC4B7F2DF}.Release|x86.ActiveCfg = Release|Win32
		{73051852-00AC-471E-9FCD-5CDBC4B7F2DF}.Release|x86.Build.0 = Release|Win32
	EndGlobalSection
	GlobalSection(SolutionProperties) = preSolution
		HideSolutionNode = FALSE
	EndGlobalSection
	GlobalSection(ExtensibilityGlobals) = postSolution
		SolutionGuid = {1B8F0765-B250-4EEC-8030-5AEA7077D25F}
	EndGlobalSection
EndGlobal
